
Microsoft Visual Studio Solution File, Format Version 12.00
# Visual Studio Version 16
VisualStudioVersion = 16.0.30011.22
MinimumVisualStudioVersion = 10.0.40219.1
Project("{FAE04EC0-301F-11D3-BF4B-00C04F79EFBC}") = "Lab7", "Lab7\Lab7.csproj", "{D6C2D15F-F4E4-4529-BE94-A0D2FC18788D}"
EndProject
Global
	GlobalSection(SolutionConfigurationPlatforms) = preSolution
		Debug|Any CPU = Debug|Any CPU
		Release|Any CPU = Release|Any CPU
	EndGlobalSection
	GlobalSection(ProjectConfigurationPlatforms) = postSolution
		{D6C2D15F-F4E4-4529-BE94-A0D2FC18788D}.Debug|Any CPU.ActiveCfg = Debug|Any CPU
		{D6C2D15F-F4E4-4529-BE94-A0D2FC18788D}.Debug|Any CPU.Build.0 = Debug|Any CPU
		{D6C2D15F-F4E4-4529-BE94-A0D2FC18788D}.Release|Any CPU.ActiveCfg = Release|Any CPU
		{D6C2D15F-F4E4-4529-BE94-A0D2FC18788D}.Release|Any CPU.Build.0 = Release|Any CPU
	EndGlobalSection
	GlobalSection(SolutionProperties) = preSolution
		HideSolutionNode = FALSE
	EndGlobalSection
	GlobalSection(ExtensibilityGlobals) = postSolution
		SolutionGuid = {E9E0CEE0-3324-4853-933A-8658CD3B1CEA}
	EndGlobalSection
EndGlobal
